
Microsoft Visual Studio Solution File, Format Version 12.00
# Visual Studio Version 16
VisualStudioVersion = 16.0.30907.101
MinimumVisualStudioVersion = 10.0.40219.1
Project("{FAE04EC0-301F-11D3-BF4B-00C04F79EFBC}") = "baidautien", "baidautien\baidautien.csproj", "{EDF7B0B9-C34D-4CC8-9A93-967C590C106E}"
EndProject
Global
	GlobalSection(SolutionConfigurationPlatforms) = preSolution
		Debug|Any CPU = Debug|Any CPU
		Release|Any CPU = Release|Any CPU
	EndGlobalSection
	GlobalSection(ProjectConfigurationPlatforms) = postSolution
		{EDF7B0B9-C34D-4CC8-9A93-967C590C106E}.Debug|Any CPU.ActiveCfg = Debug|Any CPU
		{EDF7B0B9-C34D-4CC8-9A93-967C590C106E}.Debug|Any CPU.Build.0 = Debug|Any CPU
		{EDF7B0B9-C34D-4CC8-9A93-967C590C106E}.Release|Any CPU.ActiveCfg = Release|Any CPU
		{EDF7B0B9-C34D-4CC8-9A93-967C590C106E}.Release|Any CPU.Build.0 = Release|Any CPU
	EndGlobalSection
	GlobalSection(SolutionProperties) = preSolution
		HideSolutionNode = FALSE
	EndGlobalSection
	GlobalSection(ExtensibilityGlobals) = postSolution
		SolutionGuid = {DA5F1743-6B3C-4FF2-A19C-52A7575021C4}
	EndGlobalSection
EndGlobal
